
Microsoft Visual Studio Solution File, Format Version 12.00
# Visual Studio Version 17
VisualStudioVersion = 17.11.35312.102
MinimumVisualStudioVersion = 10.0.40219.1
Project("{9A19103F-16F7-4668-BE54-9A1E7A4F7556}") = "DistributeurATM", "DistributeurATM.csproj", "{55DF9128-2A52-499A-A49F-7CEA0C1459FC}"
EndProject
Global
	GlobalSection(SolutionConfigurationPlatforms) = preSolution
		Debug|Any CPU = Debug|Any CPU
		Release|Any CPU = Release|Any CPU
	EndGlobalSection
	GlobalSection(ProjectConfigurationPlatforms) = postSolution
		{55DF9128-2A52-499A-A49F-7CEA0C1459FC}.Debug|Any CPU.ActiveCfg = Debug|Any CPU
		{55DF9128-2A52-499A-A49F-7CEA0C1459FC}.Debug|Any CPU.Build.0 = Debug|Any CPU
		{55DF9128-2A52-499A-A49F-7CEA0C1459FC}.Debug|Any CPU.Deploy.0 = Debug|Any CPU
		{55DF9128-2A52-499A-A49F-7CEA0C1459FC}.Release|Any CPU.ActiveCfg = Release|Any CPU
		{55DF9128-2A52-499A-A49F-7CEA0C1459FC}.Release|Any CPU.Build.0 = Release|Any CPU
		{55DF9128-2A52-499A-A49F-7CEA0C1459FC}.Release|Any CPU.Deploy.0 = Release|Any CPU
	EndGlobalSection
	GlobalSection(SolutionProperties) = preSolution
		HideSolutionNode = FALSE
	EndGlobalSection
	GlobalSection(ExtensibilityGlobals) = postSolution
		SolutionGuid = {E2D2008A-5720-47A0-A406-2F3E36F0C6BF}
	EndGlobalSection
EndGlobal
