
Microsoft Visual Studio Solution File, Format Version 12.00
# Visual Studio Version 17
VisualStudioVersion = 17.11.35222.181
MinimumVisualStudioVersion = 10.0.40219.1
Project("{9A19103F-16F7-4668-BE54-9A1E7A4F7556}") = "ZambaDistributeurATM", "ZambaDistributeurATM.csproj", "{96B50DD7-30D0-4621-AB31-40D3E14A70B2}"
EndProject
Global
	GlobalSection(SolutionConfigurationPlatforms) = preSolution
		Debug|Any CPU = Debug|Any CPU
		Release|Any CPU = Release|Any CPU
	EndGlobalSection
	GlobalSection(ProjectConfigurationPlatforms) = postSolution
		{96B50DD7-30D0-4621-AB31-40D3E14A70B2}.Debug|Any CPU.ActiveCfg = Debug|Any CPU
		{96B50DD7-30D0-4621-AB31-40D3E14A70B2}.Debug|Any CPU.Build.0 = Debug|Any CPU
		{96B50DD7-30D0-4621-AB31-40D3E14A70B2}.Debug|Any CPU.Deploy.0 = Debug|Any CPU
		{96B50DD7-30D0-4621-AB31-40D3E14A70B2}.Release|Any CPU.ActiveCfg = Release|Any CPU
		{96B50DD7-30D0-4621-AB31-40D3E14A70B2}.Release|Any CPU.Build.0 = Release|Any CPU
		{96B50DD7-30D0-4621-AB31-40D3E14A70B2}.Release|Any CPU.Deploy.0 = Release|Any CPU
	EndGlobalSection
	GlobalSection(SolutionProperties) = preSolution
		HideSolutionNode = FALSE
	EndGlobalSection
	GlobalSection(ExtensibilityGlobals) = postSolution
		SolutionGuid = {A3CFE324-F73D-4004-B3F5-E93F592FA872}
	EndGlobalSection
EndGlobal
